// !$*UTF8*$!
{
	archiveVersion = 1;
	classes = {
	};
	objectVersion = 50;
	objects = {

/* Begin PBXBuildFile section */
		305A288B2483A82D00D3B395 /* AppDelegate.swift in Sources */ = {isa = PBXBuildFile; fileRef = 305A288A2483A82D00D3B395 /* AppDelegate.swift */; };
		305A288D2483A82D00D3B395 /* SceneDelegate.swift in Sources */ = {isa = PBXBuildFile; fileRef = 305A288C2483A82D00D3B395 /* SceneDelegate.swift */; };
		305A288F2483A82D00D3B395 /* MainViewController.swift in Sources */ = {isa = PBXBuildFile; fileRef = 305A288E2483A82D00D3B395 /* MainViewController.swift */; };
		305A28922483A82D00D3B395 /* Main.storyboard in Resources */ = {isa = PBXBuildFile; fileRef = 305A28902483A82D00D3B395 /* Main.storyboard */; };
		305A28942483A82E00D3B395 /* Assets.xcassets in Resources */ = {isa = PBXBuildFile; fileRef = 305A28932483A82E00D3B395 /* Assets.xcassets */; };
		305A28972483A82E00D3B395 /* LaunchScreen.storyboard in Resources */ = {isa = PBXBuildFile; fileRef = 305A28952483A82E00D3B395 /* LaunchScreen.storyboard */; };
		305A28A12483AAB700D3B395 /* User.swift in Sources */ = {isa = PBXBuildFile; fileRef = 305A28A02483AAB700D3B395 /* User.swift */; };
		305A28A72483BB7100D3B395 /* DetailViewController.swift in Sources */ = {isa = PBXBuildFile; fileRef = 305A28A62483BB7100D3B395 /* DetailViewController.swift */; };
		305A28A92483BEC900D3B395 /* InfoViewController.swift in Sources */ = {isa = PBXBuildFile; fileRef = 305A28A82483BEC900D3B395 /* InfoViewController.swift */; };
/* End PBXBuildFile section */

/* Begin PBXFileReference section */
		305A28872483A82D00D3B395 /* HW2_4_Task_1.app */ = {isa = PBXFileReference; explicitFileType = wrapper.application; includeInIndex = 0; path = HW2_4_Task_1.app; sourceTree = BUILT_PRODUCTS_DIR; };
		305A288A2483A82D00D3B395 /* AppDelegate.swift */ = {isa = PBXFileReference; lastKnownFileType = sourcecode.swift; path = AppDelegate.swift; sourceTree = "<group>"; };
		305A288C2483A82D00D3B395 /* SceneDelegate.swift */ = {isa = PBXFileReference; lastKnownFileType = sourcecode.swift; path = SceneDelegate.swift; sourceTree = "<group>"; };
		305A288E2483A82D00D3B395 /* MainViewController.swift */ = {isa = PBXFileReference; lastKnownFileType = sourcecode.swift; path = MainViewController.swift; sourceTree = "<group>"; };
		305A28912483A82D00D3B395 /* Base */ = {isa = PBXFileReference; lastKnownFileType = file.storyboard; name = Base; path = Base.lproj/Main.storyboard; sourceTree = "<group>"; };
		305A28932483A82E00D3B395 /* Assets.xcassets */ = {isa = PBXFileReference; lastKnownFileType = folder.assetcatalog; path = Assets.xcassets; sourceTree = "<group>"; };
		305A28962483A82E00D3B395 /* Base */ = {isa = PBXFileReference; lastKnownFileType = file.storyboard; name = Base; path = Base.lproj/LaunchScreen.storyboard; sourceTree = "<group>"; };
		305A28982483A82E00D3B395 /* Info.plist */ = {isa = PBXFileReference; lastKnownFileType = text.plist.xml; path = Info.plist; sourceTree = "<group>"; };
		305A28A02483AAB700D3B395 /* User.swift */ = {isa = PBXFileReference; lastKnownFileType = sourcecode.swift; path = User.swift; sourceTree = "<group>"; };
		305A28A62483BB7100D3B395 /* DetailViewController.swift */ = {isa = PBXFileReference; lastKnownFileType = sourcecode.swift; path = DetailViewController.swift; sourceTree = "<group>"; };
		305A28A82483BEC900D3B395 /* InfoViewController.swift */ = {isa = PBXFileReference; lastKnownFileType = sourcecode.swift; path = InfoViewController.swift; sourceTree = "<group>"; };
/* End PBXFileReference section */

/* Begin PBXFrameworksBuildPhase section */
		305A28842483A82D00D3B395 /* Frameworks */ = {
			isa = PBXFrameworksBuildPhase;
			buildActionMask = 2147483647;
			files = (
			);
			runOnlyForDeploymentPostprocessing = 0;
		};
/* End PBXFrameworksBuildPhase section */

/* Begin PBXGroup section */
		305A287E2483A82D00D3B395 = {
			isa = PBXGroup;
			children = (
				305A28892483A82D00D3B395 /* HW2_4_Task_1 */,
				305A28882483A82D00D3B395 /* Products */,
			);
			sourceTree = "<group>";
		};
		305A28882483A82D00D3B395 /* Products */ = {
			isa = PBXGroup;
			children = (
				305A28872483A82D00D3B395 /* HW2_4_Task_1.app */,
			);
			name = Products;
			sourceTree = "<group>";
		};
		305A28892483A82D00D3B395 /* HW2_4_Task_1 */ = {
			isa = PBXGroup;
			children = (
				305A289E2483AA7200D3B395 /* ViewControlles */,
				305A289F2483AA9E00D3B395 /* Models */,
				305A28A22483AB2100D3B395 /* Storyboards */,
				305A28A32483AB5200D3B395 /* SupportingFiles */,
				305A28A52483AB9800D3B395 /* Sources */,
			);
			path = HW2_4_Task_1;
			sourceTree = "<group>";
		};
		305A289E2483AA7200D3B395 /* ViewControlles */ = {
			isa = PBXGroup;
			children = (
				305A288E2483A82D00D3B395 /* MainViewController.swift */,
				305A28A62483BB7100D3B395 /* DetailViewController.swift */,
				305A28A82483BEC900D3B395 /* InfoViewController.swift */,
			);
			path = ViewControlles;
			sourceTree = "<group>";
		};
		305A289F2483AA9E00D3B395 /* Models */ = {
			isa = PBXGroup;
			children = (
				305A28A02483AAB700D3B395 /* User.swift */,
			);
			path = Models;
			sourceTree = "<group>";
		};
		305A28A22483AB2100D3B395 /* Storyboards */ = {
			isa = PBXGroup;
			children = (
				305A28902483A82D00D3B395 /* Main.storyboard */,
				305A28952483A82E00D3B395 /* LaunchScreen.storyboard */,
			);
			path = Storyboards;
			sourceTree = "<group>";
		};
		305A28A32483AB5200D3B395 /* SupportingFiles */ = {
			isa = PBXGroup;
			children = (
				305A288C2483A82D00D3B395 /* SceneDelegate.swift */,
				305A288A2483A82D00D3B395 /* AppDelegate.swift */,
				305A28982483A82E00D3B395 /* Info.plist */,
			);
			path = SupportingFiles;
			sourceTree = "<group>";
		};
		305A28A52483AB9800D3B395 /* Sources */ = {
			isa = PBXGroup;
			children = (
				305A28932483A82E00D3B395 /* Assets.xcassets */,
			);
			path = Sources;
			sourceTree = "<group>";
		};
/* End PBXGroup section */

/* Begin PBXNativeTarget section */
		305A28862483A82D00D3B395 /* HW2_4_Task_1 */ = {
			isa = PBXNativeTarget;
			buildConfigurationList = 305A289B2483A82E00D3B395 /* Build configuration list for PBXNativeTarget "HW2_4_Task_1" */;
			buildPhases = (
				305A28832483A82D00D3B395 /* Sources */,
				305A28842483A82D00D3B395 /* Frameworks */,
				305A28852483A82D00D3B395 /* Resources */,
			);
			buildRules = (
			);
			dependencies = (
			);
			name = HW2_4_Task_1;
			productName = HW2_4_Task_1;
			productReference = 305A28872483A82D00D3B395 /* HW2_4_Task_1.app */;
			productType = "com.apple.product-type.application";
		};
/* End PBXNativeTarget section */

/* Begin PBXProject section */
		305A287F2483A82D00D3B395 /* Project object */ = {
			isa = PBXProject;
			attributes = {
				LastSwiftUpdateCheck = 1150;
				LastUpgradeCheck = 1150;
				ORGANIZATIONNAME = "Роман Захаров";
				TargetAttributes = {
					305A28862483A82D00D3B395 = {
						CreatedOnToolsVersion = 11.5;
					};
				};
			};
			buildConfigurationList = 305A28822483A82D00D3B395 /* Build configuration list for PBXProject "HW2_4_Task_1" */;
			compatibilityVersion = "Xcode 9.3";
			developmentRegion = en;
			hasScannedForEncodings = 0;
			knownRegions = (
				en,
				Base,
			);
			mainGroup = 305A287E2483A82D00D3B395;
			productRefGroup = 305A28882483A82D00D3B395 /* Products */;
			projectDirPath = "";
			projectRoot = "";
			targets = (
				305A28862483A82D00D3B395 /* HW2_4_Task_1 */,
			);
		};
/* End PBXProject section */

/* Begin PBXResourcesBuildPhase section */
		305A28852483A82D00D3B395 /* Resources */ = {
			isa = PBXResourcesBuildPhase;
			buildActionMask = 2147483647;
			files = (
				305A28972483A82E00D3B395 /* LaunchScreen.storyboard in Resources */,
				305A28942483A82E00D3B395 /* Assets.xcassets in Resources */,
				305A28922483A82D00D3B395 /* Main.storyboard in Resources */,
			);
			runOnlyForDeploymentPostprocessing = 0;
		};
/* End PBXResourcesBuildPhase section */

/* Begin PBXSourcesBuildPhase section */
		305A28832483A82D00D3B395 /* Sources */ = {
			isa = PBXSourcesBuildPhase;
			buildActionMask = 2147483647;
			files = (
				305A28A12483AAB700D3B395 /* User.swift in Sources */,
				305A288F2483A82D00D3B395 /* MainViewController.swift in Sources */,
				305A28A72483BB7100D3B395 /* DetailViewController.swift in Sources */,
				305A288B2483A82D00D3B395 /* AppDelegate.swift in Sources */,
				305A28A92483BEC900D3B395 /* InfoViewController.swift in Sources */,
				305A288D2483A82D00D3B395 /* SceneDelegate.swift in Sources */,
			);
			runOnlyForDeploymentPostprocessing = 0;
		};
/* End PBXSourcesBuildPhase section */

/* Begin PBXVariantGroup section */
		305A28902483A82D00D3B395 /* Main.storyboard */ = {
			isa = PBXVariantGroup;
			children = (
				305A28912483A82D00D3B395 /* Base */,
			);
			name = Main.storyboard;
			sourceTree = "<group>";
		};
		305A28952483A82E00D3B395 /* LaunchScreen.storyboard */ = {
			isa = PBXVariantGroup;
			children = (
				305A28962483A82E00D3B395 /* Base */,
			);
			name = LaunchScreen.storyboard;
			sourceTree = "<group>";
		};
/* End PBXVariantGroup section */

/* Begin XCBuildConfiguration section */
		305A28992483A82E00D3B395 /* Debug */ = {
			isa = XCBuildConfiguration;
			buildSettings = {
				ALWAYS_SEARCH_USER_PATHS = NO;
				CLANG_ANALYZER_NONNULL = YES;
				CLANG_ANALYZER_NUMBER_OBJECT_CONVERSION = YES_AGGRESSIVE;
				CLANG_CXX_LANGUAGE_STANDARD = "gnu++14";
				CLANG_CXX_LIBRARY = "libc++";
				CLANG_ENABLE_MODULES = YES;
				CLANG_ENABLE_OBJC_ARC = YES;
				CLANG_ENABLE_OBJC_WEAK = YES;
				CLANG_WARN_BLOCK_CAPTURE_AUTORELEASING = YES;
				CLANG_WARN_BOOL_CONVERSION = YES;
				CLANG_WARN_COMMA = YES;
				CLANG_WARN_CONSTANT_CONVERSION = YES;
				CLANG_WARN_DEPRECATED_OBJC_IMPLEMENTATIONS = YES;
				CLANG_WARN_DIRECT_OBJC_ISA_USAGE = YES_ERROR;
				CLANG_WARN_DOCUMENTATION_COMMENTS = YES;
				CLANG_WARN_EMPTY_BODY = YES;
				CLANG_WARN_ENUM_CONVERSION = YES;
				CLANG_WARN_INFINITE_RECURSION = YES;
				CLANG_WARN_INT_CONVERSION = YES;
				CLANG_WARN_NON_LITERAL_NULL_CONVERSION = YES;
				CLANG_WARN_OBJC_IMPLICIT_RETAIN_SELF = YES;
				CLANG_WARN_OBJC_LITERAL_CONVERSION = YES;
				CLANG_WARN_OBJC_ROOT_CLASS = YES_ERROR;
				CLANG_WARN_RANGE_LOOP_ANALYSIS = YES;
				CLANG_WARN_STRICT_PROTOTYPES = YES;
				CLANG_WARN_SUSPICIOUS_MOVE = YES;
				CLANG_WARN_UNGUARDED_AVAILABILITY = YES_AGGRESSIVE;
				CLANG_WARN_UNREACHABLE_CODE = YES;
				CLANG_WARN__DUPLICATE_METHOD_MATCH = YES;
				COPY_PHASE_STRIP = NO;
				DEBUG_INFORMATION_FORMAT = dwarf;
				ENABLE_STRICT_OBJC_MSGSEND = YES;
				ENABLE_TESTABILITY = YES;
				GCC_C_LANGUAGE_STANDARD = gnu11;
				GCC_DYNAMIC_NO_PIC = NO;
				GCC_NO_COMMON_BLOCKS = YES;
				GCC_OPTIMIZATION_LEVEL = 0;
				GCC_PREPROCESSOR_DEFINITIONS = (
					"DEBUG=1",
					"$(inherited)",
				);
				GCC_WARN_64_TO_32_BIT_CONVERSION = YES;
				GCC_WARN_ABOUT_RETURN_TYPE = YES_ERROR;
				GCC_WARN_UNDECLARED_SELECTOR = YES;
				GCC_WARN_UNINITIALIZED_AUTOS = YES_AGGRESSIVE;
				GCC_WARN_UNUSED_FUNCTION = YES;
				GCC_WARN_UNUSED_VARIABLE = YES;
				IPHONEOS_DEPLOYMENT_TARGET = 13.5;
				MTL_ENABLE_DEBUG_INFO = INCLUDE_SOURCE;
				MTL_FAST_MATH = YES;
				ONLY_ACTIVE_ARCH = YES;
				SDKROOT = iphoneos;
				SWIFT_ACTIVE_COMPILATION_CONDITIONS = DEBUG;
				SWIFT_OPTIMIZATION_LEVEL = "-Onone";
			};
			name = Debug;
		};
		305A289A2483A82E00D3B395 /* Release */ = {
			isa = XCBuildConfiguration;
			buildSettings = {
				ALWAYS_SEARCH_USER_PATHS = NO;
				CLANG_ANALYZER_NONNULL = YES;
				CLANG_ANALYZER_NUMBER_OBJECT_CONVERSION = YES_AGGRESSIVE;
				CLANG_CXX_LANGUAGE_STANDARD = "gnu++14";
				CLANG_CXX_LIBRARY = "libc++";
				CLANG_ENABLE_MODULES = YES;
				CLANG_ENABLE_OBJC_ARC = YES;
				CLANG_ENABLE_OBJC_WEAK = YES;
				CLANG_WARN_BLOCK_CAPTURE_AUTORELEASING = YES;
				CLANG_WARN_BOOL_CONVERSION = YES;
				CLANG_WARN_COMMA = YES;
				CLANG_WARN_CONSTANT_CONVERSION = YES;
				CLANG_WARN_DEPRECATED_OBJC_IMPLEMENTATIONS = YES;
				CLANG_WARN_DIRECT_OBJC_ISA_USAGE = YES_ERROR;
				CLANG_WARN_DOCUMENTATION_COMMENTS = YES;
				CLANG_WARN_EMPTY_BODY = YES;
				CLANG_WARN_ENUM_CONVERSION = YES;
				CLANG_WARN_INFINITE_RECURSION = YES;
				CLANG_WARN_INT_CONVERSION = YES;
				CLANG_WARN_NON_LITERAL_NULL_CONVERSION = YES;
				CLANG_WARN_OBJC_IMPLICIT_RETAIN_SELF = YES;
				CLANG_WARN_OBJC_LITERAL_CONVERSION = YES;
				CLANG_WARN_OBJC_ROOT_CLASS = YES_ERROR;
				CLANG_WARN_RANGE_LOOP_ANALYSIS = YES;
				CLANG_WARN_STRICT_PROTOTYPES = YES;
				CLANG_WARN_SUSPICIOUS_MOVE = YES;
				CLANG_WARN_UNGUARDED_AVAILABILITY = YES_AGGRESSIVE;
				CLANG_WARN_UNREACHABLE_CODE = YES;
				CLANG_WARN__DUPLICATE_METHOD_MATCH = YES;
				COPY_PHASE_STRIP = NO;
				DEBUG_INFORMATION_FORMAT = "dwarf-with-dsym";
				ENABLE_NS_ASSERTIONS = NO;
				ENABLE_STRICT_OBJC_MSGSEND = YES;
				GCC_C_LANGUAGE_STANDARD = gnu11;
				GCC_NO_COMMON_BLOCKS = YES;
				GCC_WARN_64_TO_32_BIT_CONVERSION = YES;
				GCC_WARN_ABOUT_RETURN_TYPE = YES_ERROR;
				GCC_WARN_UNDECLARED_SELECTOR = YES;
				GCC_WARN_UNINITIALIZED_AUTOS = YES_AGGRESSIVE;
				GCC_WARN_UNUSED_FUNCTION = YES;
				GCC_WARN_UNUSED_VARIABLE = YES;
				IPHONEOS_DEPLOYMENT_TARGET = 13.5;
				MTL_ENABLE_DEBUG_INFO = NO;
				MTL_FAST_MATH = YES;
				SDKROOT = iphoneos;
				SWIFT_COMPILATION_MODE = wholemodule;
				SWIFT_OPTIMIZATION_LEVEL = "-O";
				VALIDATE_PRODUCT = YES;
			};
			name = Release;
		};
		305A289C2483A82E00D3B395 /* Debug */ = {
			isa = XCBuildConfiguration;
			buildSettings = {
				ASSETCATALOG_COMPILER_APPICON_NAME = AppIcon;
				CODE_SIGN_STYLE = Automatic;
				DEVELOPMENT_TEAM = R84LGLRB92;
				INFOPLIST_FILE = HW2_4_Task_1/SupportingFiles/Info.plist;
				LD_RUNPATH_SEARCH_PATHS = (
					"$(inherited)",
					"@executable_path/Frameworks",
				);
				PRODUCT_BUNDLE_IDENTIFIER = "ru.swiftbook.HW2-4-Task-1";
				PRODUCT_NAME = "$(TARGET_NAME)";
				SWIFT_VERSION = 5.0;
				TARGETED_DEVICE_FAMILY = "1,2";
			};
			name = Debug;
		};
		305A289D2483A82E00D3B395 /* Release */ = {
			isa = XCBuildConfiguration;
			buildSettings = {
				ASSETCATALOG_COMPILER_APPICON_NAME = AppIcon;
				CODE_SIGN_STYLE = Automatic;
				DEVELOPMENT_TEAM = R84LGLRB92;
				INFOPLIST_FILE = HW2_4_Task_1/SupportingFiles/Info.plist;
				LD_RUNPATH_SEARCH_PATHS = (
					"$(inherited)",
					"@executable_path/Frameworks",
				);
				PRODUCT_BUNDLE_IDENTIFIER = "ru.swiftbook.HW2-4-Task-1";
				PRODUCT_NAME = "$(TARGET_NAME)";
				SWIFT_VERSION = 5.0;
				TARGETED_DEVICE_FAMILY = "1,2";
			};
			name = Release;
		};
/* End XCBuildConfiguration section */

/* Begin XCConfigurationList section */
		305A28822483A82D00D3B395 /* Build configuration list for PBXProject "HW2_4_Task_1" */ = {
			isa = XCConfigurationList;
			buildConfigurations = (
				305A28992483A82E00D3B395 /* Debug */,
				305A289A2483A82E00D3B395 /* Release */,
			);
			defaultConfigurationIsVisible = 0;
			defaultConfigurationName = Release;
		};
		305A289B2483A82E00D3B395 /* Build configuration list for PBXNativeTarget "HW2_4_Task_1" */ = {
			isa = XCConfigurationList;
			buildConfigurations = (
				305A289C2483A82E00D3B395 /* Debug */,
				305A289D2483A82E00D3B395 /* Release */,
			);
			defaultConfigurationIsVisible = 0;
			defaultConfigurationName = Release;
		};
/* End XCConfigurationList section */
	};
	rootObject = 305A287F2483A82D00D3B395 /* Project object */;
}
